
Microsoft Visual Studio Solution File, Format Version 12.00
# Visual Studio Version 17
VisualStudioVersion = 17.0.31919.166
MinimumVisualStudioVersion = 10.0.40219.1
Project("{FAE04EC0-301F-11D3-BF4B-00C04F79EFBC}") = "CalcServer", "CalcServer\CalcServer.csproj", "{35C5624B-93A7-45CD-8CFF-5B1B092A7AEE}"
EndProject
Project("{FAE04EC0-301F-11D3-BF4B-00C04F79EFBC}") = "CalcClient", "CalcClient\CalcClient.csproj", "{CF951C3A-C5C0-46FF-B53A-247F378085FB}"
EndProject
Project("{FAE04EC0-301F-11D3-BF4B-00C04F79EFBC}") = "CalcInterfaces", "CalcInterfaces\CalcInterfaces.csproj", "{35017BBD-D462-41D8-A6FD-0F0EEB549FF0}"
EndProject
Global
	GlobalSection(SolutionConfigurationPlatforms) = preSolution
		Debug|Any CPU = Debug|Any CPU
		Release|Any CPU = Release|Any CPU
	EndGlobalSection
	GlobalSection(ProjectConfigurationPlatforms) = postSolution
		{35C5624B-93A7-45CD-8CFF-5B1B092A7AEE}.Debug|Any CPU.ActiveCfg = Debug|Any CPU
		{35C5624B-93A7-45CD-8CFF-5B1B092A7AEE}.Debug|Any CPU.Build.0 = Debug|Any CPU
		{35C5624B-93A7-45CD-8CFF-5B1B092A7AEE}.Release|Any CPU.ActiveCfg = Release|Any CPU
		{35C5624B-93A7-45CD-8CFF-5B1B092A7AEE}.Release|Any CPU.Build.0 = Release|Any CPU
		{CF951C3A-C5C0-46FF-B53A-247F378085FB}.Debug|Any CPU.ActiveCfg = Debug|Any CPU
		{CF951C3A-C5C0-46FF-B53A-247F378085FB}.Debug|Any CPU.Build.0 = Debug|Any CPU
		{CF951C3A-C5C0-46FF-B53A-247F378085FB}.Release|Any CPU.ActiveCfg = Release|Any CPU
		{CF951C3A-C5C0-46FF-B53A-247F378085FB}.Release|Any CPU.Build.0 = Release|Any CPU
		{35017BBD-D462-41D8-A6FD-0F0EEB549FF0}.Debug|Any CPU.ActiveCfg = Debug|Any CPU
		{35017BBD-D462-41D8-A6FD-0F0EEB549FF0}.Debug|Any CPU.Build.0 = Debug|Any CPU
		{35017BBD-D462-41D8-A6FD-0F0EEB549FF0}.Release|Any CPU.ActiveCfg = Release|Any CPU
		{35017BBD-D462-41D8-A6FD-0F0EEB549FF0}.Release|Any CPU.Build.0 = Release|Any CPU
	EndGlobalSection
	GlobalSection(SolutionProperties) = preSolution
		HideSolutionNode = FALSE
	EndGlobalSection
	GlobalSection(ExtensibilityGlobals) = postSolution
		SolutionGuid = {6D50C722-A1BC-4217-921B-2752DDA7A867}
	EndGlobalSection
EndGlobal
